
Microsoft Visual Studio Solution File, Format Version 12.00
# Visual Studio Version 16
VisualStudioVersion = 25.0.1706.4
MinimumVisualStudioVersion = 10.0.40219.1
Project("{FAE04EC0-301F-11D3-BF4B-00C04F79EFBC}") = "TravelManagement", "TravelManagement\TravelManagement.csproj", "{31EAD674-5129-4B39-B10D-16C289E6D275}"
EndProject
Global
	GlobalSection(SolutionConfigurationPlatforms) = preSolution
		Debug|Any CPU = Debug|Any CPU
		Release|Any CPU = Release|Any CPU
	EndGlobalSection
	GlobalSection(ProjectConfigurationPlatforms) = postSolution
		{31EAD674-5129-4B39-B10D-16C289E6D275}.Debug|Any CPU.ActiveCfg = Debug|Any CPU
		{31EAD674-5129-4B39-B10D-16C289E6D275}.Debug|Any CPU.Build.0 = Debug|Any CPU
		{31EAD674-5129-4B39-B10D-16C289E6D275}.Release|Any CPU.ActiveCfg = Release|Any CPU
		{31EAD674-5129-4B39-B10D-16C289E6D275}.Release|Any CPU.Build.0 = Release|Any CPU
	EndGlobalSection
	GlobalSection(SolutionProperties) = preSolution
		HideSolutionNode = FALSE
	EndGlobalSection
	GlobalSection(ExtensibilityGlobals) = postSolution
		SolutionGuid = {E802F735-F2C9-4716-ACE7-EE116A3661FF}
	EndGlobalSection
EndGlobal
